
Microsoft Visual Studio Solution File, Format Version 12.00
# Visual Studio Version 16
VisualStudioVersion = 25.0.1706.7
MinimumVisualStudioVersion = 10.0.40219.1
Project("{FAE04EC0-301F-11D3-BF4B-00C04F79EFBC}") = "AcademyApp", "AcademyApp\AcademyApp.csproj", "{EA7C9EF9-3E6E-451A-AF7A-0C2273EF9E40}"
EndProject
Project("{FAE04EC0-301F-11D3-BF4B-00C04F79EFBC}") = "AcademyApp.Domain", "AcademyApp.Domain\AcademyApp.Domain.csproj", "{10E84AEF-2F8F-43A3-83B1-6870058512FC}"
EndProject
Project("{FAE04EC0-301F-11D3-BF4B-00C04F79EFBC}") = "AcademyApp.DataContex", "AcademyApp.DataContex\AcademyApp.DataContex.csproj", "{22A3CA70-2D17-4971-AB92-ED895F20FE64}"
EndProject
Project("{FAE04EC0-301F-11D3-BF4B-00C04F79EFBC}") = "AcademyApp.Business", "AcademyApp.Bizness\AcademyApp.Business.csproj", "{8CB7B110-1A34-46E9-A8E3-D49C33925044}"
EndProject
Global
	GlobalSection(SolutionConfigurationPlatforms) = preSolution
		Debug|Any CPU = Debug|Any CPU
		Release|Any CPU = Release|Any CPU
	EndGlobalSection
	GlobalSection(ProjectConfigurationPlatforms) = postSolution
		{EA7C9EF9-3E6E-451A-AF7A-0C2273EF9E40}.Debug|Any CPU.ActiveCfg = Debug|Any CPU
		{EA7C9EF9-3E6E-451A-AF7A-0C2273EF9E40}.Debug|Any CPU.Build.0 = Debug|Any CPU
		{EA7C9EF9-3E6E-451A-AF7A-0C2273EF9E40}.Release|Any CPU.ActiveCfg = Release|Any CPU
		{EA7C9EF9-3E6E-451A-AF7A-0C2273EF9E40}.Release|Any CPU.Build.0 = Release|Any CPU
		{10E84AEF-2F8F-43A3-83B1-6870058512FC}.Debug|Any CPU.ActiveCfg = Debug|Any CPU
		{10E84AEF-2F8F-43A3-83B1-6870058512FC}.Debug|Any CPU.Build.0 = Debug|Any CPU
		{10E84AEF-2F8F-43A3-83B1-6870058512FC}.Release|Any CPU.ActiveCfg = Release|Any CPU
		{10E84AEF-2F8F-43A3-83B1-6870058512FC}.Release|Any CPU.Build.0 = Release|Any CPU
		{22A3CA70-2D17-4971-AB92-ED895F20FE64}.Debug|Any CPU.ActiveCfg = Debug|Any CPU
		{22A3CA70-2D17-4971-AB92-ED895F20FE64}.Debug|Any CPU.Build.0 = Debug|Any CPU
		{22A3CA70-2D17-4971-AB92-ED895F20FE64}.Release|Any CPU.ActiveCfg = Release|Any CPU
		{22A3CA70-2D17-4971-AB92-ED895F20FE64}.Release|Any CPU.Build.0 = Release|Any CPU
		{8CB7B110-1A34-46E9-A8E3-D49C33925044}.Debug|Any CPU.ActiveCfg = Debug|Any CPU
		{8CB7B110-1A34-46E9-A8E3-D49C33925044}.Debug|Any CPU.Build.0 = Debug|Any CPU
		{8CB7B110-1A34-46E9-A8E3-D49C33925044}.Release|Any CPU.ActiveCfg = Release|Any CPU
		{8CB7B110-1A34-46E9-A8E3-D49C33925044}.Release|Any CPU.Build.0 = Release|Any CPU
	EndGlobalSection
	GlobalSection(SolutionProperties) = preSolution
		HideSolutionNode = FALSE
	EndGlobalSection
	GlobalSection(ExtensibilityGlobals) = postSolution
		SolutionGuid = {4423F71A-2FA0-492A-A3EE-F74D2356CC60}
	EndGlobalSection
EndGlobal
